version: 1
skills:
    - name: brainstorming
      url: https://github.com/https://github.com/obra/superpowers/tree/main/skills/brainstorming
      installed_at: 2026-01-19T16:14:57.358686-08:00
    - name: dispatching-parallel-agents
      url: https://github.com/https://github.com/obra/superpowers/tree/main/skills/dispatching-parallel-agents
      installed_at: 2026-01-19T16:14:58.557076-08:00
    - name: executing-plans
      url: https://github.com/https://github.com/obra/superpowers/tree/main/skills/executing-plans
      installed_at: 2026-01-19T16:14:59.685791-08:00
    - name: finishing-a-development-branch
      url: https://github.com/https://github.com/obra/superpowers/tree/main/skills/finishing-a-development-branch
      installed_at: 2026-01-19T16:15:00.783576-08:00
    - name: receiving-code-review
      url: https://github.com/https://github.com/obra/superpowers/tree/main/skills/receiving-code-review
      installed_at: 2026-01-19T16:15:01.920784-08:00
    - name: requesting-code-review
      url: https://github.com/https://github.com/obra/superpowers/tree/main/skills/requesting-code-review
      installed_at: 2026-01-19T16:15:03.097709-08:00
    - name: subagent-driven-development
      url: https://github.com/https://github.com/obra/superpowers/tree/main/skills/subagent-driven-development
      installed_at: 2026-01-19T16:15:04.186012-08:00
    - name: systematic-debugging
      url: https://github.com/https://github.com/obra/superpowers/tree/main/skills/systematic-debugging
      installed_at: 2026-01-19T16:15:05.352169-08:00
    - name: test-driven-development
      url: https://github.com/https://github.com/obra/superpowers/tree/main/skills/test-driven-development
      installed_at: 2026-01-19T16:15:06.449666-08:00
    - name: using-git-worktrees
      url: https://github.com/https://github.com/obra/superpowers/tree/main/skills/using-git-worktrees
      installed_at: 2026-01-19T16:15:07.534619-08:00
    - name: using-superpowers
      url: https://github.com/https://github.com/obra/superpowers/tree/main/skills/using-superpowers
      installed_at: 2026-01-19T16:15:08.636772-08:00
    - name: verification-before-completion
      url: https://github.com/https://github.com/obra/superpowers/tree/main/skills/verification-before-completion
      installed_at: 2026-01-19T16:15:09.679652-08:00
    - name: writing-plans
      url: https://github.com/https://github.com/obra/superpowers/tree/main/skills/writing-plans
      installed_at: 2026-01-19T16:15:10.769341-08:00
    - name: writing-skills
      url: https://github.com/https://github.com/obra/superpowers/tree/main/skills/writing-skills
      installed_at: 2026-01-19T16:15:11.883443-08:00
